{
  "nodes": {
    "flakeNimbleLib": {
      "inputs": {
        "nixpkgs": [
          "nixpkgs"
        ]
      },
      "locked": {
        "lastModified": 1662018438,
        "narHash": "sha256-QtNtU6+LX3Wokxf0zlFwKTFOcn6TeDjKQZ+DA9OYtvM=",
        "owner": "riinr",
        "repo": "nim-flakes-lib",
        "rev": "b1fe8340736e3a85d25c709ac3dfd82a55c03cbf",
        "type": "github"
      },
      "original": {
        "owner": "riinr",
        "ref": "master",
        "repo": "nim-flakes-lib",
        "type": "github"
      }
    },
    "nixpkgs": {
      "locked": {
        "lastModified": 1667199707,
        "narHash": "sha256-I2Js3Y7gUyVSEXPULHlBoRek4Lh85vnevdS6mdvDNLI=",
        "owner": "NixOS",
        "repo": "nixpkgs",
        "rev": "ced197be72099edcfa68ebed8b87af7b04851f45",
        "type": "github"
      },
      "original": {
        "id": "nixpkgs",
        "type": "indirect"
      }
    },
    "root": {
      "inputs": {
        "flakeNimbleLib": "flakeNimbleLib",
        "nixpkgs": "nixpkgs",
        "strfmt-master": "strfmt-master"
      }
    },
    "src-strfmt-master": {
      "flake": false,
      "locked": {
        "lastModified": 1564028285,
        "narHash": "sha256-0Hcx3Tum6XJHiz7MjwNVU4pAVaVjhTD1MHm6HBj1U44=",
        "owner": "bio-nim",
        "repo": "nim-strfmt",
        "rev": "8d4d200bc3369d3bd07b9904c278e958261b4252",
        "type": "github"
      },
      "original": {
        "owner": "bio-nim",
        "ref": "refs/heads/master",
        "repo": "nim-strfmt",
        "type": "github"
      }
    },
    "strfmt-master": {
      "inputs": {
        "flakeNimbleLib": [
          "flakeNimbleLib"
        ],
        "nixpkgs": [
          "nixpkgs"
        ],
        "src-strfmt-master": "src-strfmt-master"
      },
      "locked": {
        "dir": "master",
        "lastModified": 1667322711,
        "narHash": "sha256-frcfBeWpuTVXG40ZqDBMExR8HuuVDhjnNbWmcuS/l6w=",
        "owner": "nim-nix-pkgs",
        "repo": "strfmt",
        "rev": "6aaa97622119f830d55409a1efeae2b78bf98ce7",
        "type": "github"
      },
      "original": {
        "dir": "master",
        "owner": "nim-nix-pkgs",
        "ref": "master",
        "repo": "strfmt",
        "type": "github"
      }
    }
  },
  "root": "root",
  "version": 7
}
